{
  "version": 4,
  "terraform_version": "1.0.0",
  "serial": 52,
  "lineage": "eb80862c-9cf6-889a-a4c4-9951ef489166",
  "outputs": {
    "my-email": {
      "value": "amonchaibeer@gmail.com",
      "type": "string"
    }
  },
  "resources": [
    {
      "mode": "data",
      "type": "google_client_config",
      "name": "client",
      "provider": "provider[\"registry.terraform.io/hashicorp/google\"]",
      "instances": [
        {
          "schema_version": 0,
          "attributes": {
            "access_token": "ya29.a0AVA9y1vo7CWahrXdP0KYBmNBPRTIGIzsgKOL8Pm-n4HJCqLdJlMhoN8ZL25AbuxWLAy0XHY96pjhhk1nZuGs46Vvpz0V86agkpNEa1ExyiPJjfsMzkRS9EEe5CrHJpoASxgtMJfIBc7G3Yh2-jKNSns0kD2KaCgYKATASARESFQE65dr8X8CpCFKPOdl7Ohar9IbBbA0163",
            "id": "projects/jobfinder-362313/regions/asia-southeast1/zones/",
            "project": "jobfinder-362313",
            "region": "asia-southeast1",
            "zone": ""
          },
          "sensitive_attributes": []
        }
      ]
    },
    {
      "mode": "data",
      "type": "google_client_openid_userinfo",
      "name": "me",
      "provider": "provider[\"registry.terraform.io/hashicorp/google\"]",
      "instances": [
        {
          "schema_version": 0,
          "attributes": {
            "email": "amonchaibeer@gmail.com",
            "id": "amonchaibeer@gmail.com"
          },
          "sensitive_attributes": []
        }
      ]
    },
    {
      "mode": "managed",
      "type": "google_compute_instance",
      "name": "mongo1",
      "provider": "provider[\"registry.terraform.io/hashicorp/google\"]",
      "instances": [
        {
          "schema_version": 6,
          "attributes": {
            "allow_stopping_for_update": null,
            "attached_disk": [],
            "boot_disk": [
              {
                "auto_delete": true,
                "device_name": "persistent-disk-0",
                "disk_encryption_key_raw": "",
                "disk_encryption_key_sha256": "",
                "initialize_params": [
                  {
                    "image": "https://www.googleapis.com/compute/v1/projects/ubuntu-os-cloud/global/images/ubuntu-1804-bionic-v20220901",
                    "labels": {},
                    "size": 10,
                    "type": "pd-standard"
                  }
                ],
                "kms_key_self_link": "",
                "mode": "READ_WRITE",
                "source": "https://www.googleapis.com/compute/v1/projects/jobfinder-362313/zones/asia-southeast1-b/disks/monogdb1"
              }
            ],
            "can_ip_forward": false,
            "confidential_instance_config": [],
            "cpu_platform": "AMD Rome",
            "current_status": "RUNNING",
            "deletion_protection": false,
            "description": "",
            "desired_status": null,
            "enable_display": false,
            "guest_accelerator": [],
            "hostname": "",
            "id": "projects/jobfinder-362313/zones/asia-southeast1-b/instances/monogdb1",
            "instance_id": "8660910652028460677",
            "label_fingerprint": "42WmSpB8rSM=",
            "labels": null,
            "machine_type": "e2-small",
            "metadata": {
              "ssh-keys": "job:ssh-rsa AAAAB3NzaC1yc2EAAAADAQABAAABAQCxmaIo+wQXGE7lfUVCnURSlDZ6VAybiARV6sTVCHy0yfJUz1PATCrLC35M3tNng5RYzg1X+1F5U6N49tSPpTtz54185kd4pLdPwtX69uCGF6anjXxMfIcBVajtSuMu8r3RFKx9qXMF7pAYpXGQiMOZp9IQw5UYrLMOQ93EA1Nmh56AQS53eAl9Bboewux4tayyIsW2M2HMJpFXVUWB7V2VvbW88ggHeUeX07guJ/XD++G2BM20bSHrNsBjnC1D7ZJ4vubBGWTZh0qIQzohcjYwdobyq5efOugLXuaglqp8ub5wsjhUlav9px5mqv0WyViSjL7y/Kr5gxjljfoGegM5 job\n"
            },
            "metadata_fingerprint": "sRlp3Se1MRI=",
            "metadata_startup_script": "",
            "min_cpu_platform": "",
            "name": "monogdb1",
            "network_interface": [
              {
                "access_config": [
                  {
                    "nat_ip": "34.87.134.172",
                    "network_tier": "PREMIUM",
                    "public_ptr_domain_name": ""
                  }
                ],
                "alias_ip_range": [],
                "name": "nic0",
                "network": "https://www.googleapis.com/compute/v1/projects/jobfinder-362313/global/networks/jobtest-network-vpc",
                "network_ip": "11.2.0.12",
                "nic_type": "",
                "subnetwork": "https://www.googleapis.com/compute/v1/projects/jobfinder-362313/regions/asia-southeast1/subnetworks/jobtest-private",
                "subnetwork_project": "jobfinder-362313"
              }
            ],
            "project": "jobfinder-362313",
            "reservation_affinity": [],
            "resource_policies": null,
            "scheduling": [
              {
                "automatic_restart": true,
                "min_node_cpus": 0,
                "node_affinities": [],
                "on_host_maintenance": "MIGRATE",
                "preemptible": false
              }
            ],
            "scratch_disk": [],
            "self_link": "https://www.googleapis.com/compute/v1/projects/jobfinder-362313/zones/asia-southeast1-b/instances/monogdb1",
            "service_account": [],
            "shielded_instance_config": [
              {
                "enable_integrity_monitoring": true,
                "enable_secure_boot": false,
                "enable_vtpm": true
              }
            ],
            "tags": [
              "storage-class"
            ],
            "tags_fingerprint": "lFdO5xHzm8I=",
            "timeouts": null,
            "zone": "asia-southeast1-b"
          },
          "sensitive_attributes": [],
          "private": "eyJlMmJmYjczMC1lY2FhLTExZTYtOGY4OC0zNDM2M2JjN2M0YzAiOnsiY3JlYXRlIjoxMjAwMDAwMDAwMDAwLCJkZWxldGUiOjEyMDAwMDAwMDAwMDAsInVwZGF0ZSI6MTIwMDAwMDAwMDAwMH0sInNjaGVtYV92ZXJzaW9uIjoiNiJ9"
        }
      ]
    },
    {
      "mode": "managed",
      "type": "google_compute_instance",
      "name": "mongo2",
      "provider": "provider[\"registry.terraform.io/hashicorp/google\"]",
      "instances": [
        {
          "schema_version": 6,
          "attributes": {
            "allow_stopping_for_update": null,
            "attached_disk": [],
            "boot_disk": [
              {
                "auto_delete": true,
                "device_name": "persistent-disk-0",
                "disk_encryption_key_raw": "",
                "disk_encryption_key_sha256": "",
                "initialize_params": [
                  {
                    "image": "https://www.googleapis.com/compute/v1/projects/ubuntu-os-cloud/global/images/ubuntu-1804-bionic-v20220901",
                    "labels": {},
                    "size": 10,
                    "type": "pd-standard"
                  }
                ],
                "kms_key_self_link": "",
                "mode": "READ_WRITE",
                "source": "https://www.googleapis.com/compute/v1/projects/jobfinder-362313/zones/asia-southeast1-b/disks/mongodb2"
              }
            ],
            "can_ip_forward": false,
            "confidential_instance_config": [],
            "cpu_platform": "Intel Broadwell",
            "current_status": "RUNNING",
            "deletion_protection": false,
            "description": "",
            "desired_status": null,
            "enable_display": false,
            "guest_accelerator": [],
            "hostname": "",
            "id": "projects/jobfinder-362313/zones/asia-southeast1-b/instances/mongodb2",
            "instance_id": "2545341504194191037",
            "label_fingerprint": "42WmSpB8rSM=",
            "labels": null,
            "machine_type": "e2-small",
            "metadata": {
              "ssh-keys": "job:ssh-rsa AAAAB3NzaC1yc2EAAAADAQABAAABAQCxmaIo+wQXGE7lfUVCnURSlDZ6VAybiARV6sTVCHy0yfJUz1PATCrLC35M3tNng5RYzg1X+1F5U6N49tSPpTtz54185kd4pLdPwtX69uCGF6anjXxMfIcBVajtSuMu8r3RFKx9qXMF7pAYpXGQiMOZp9IQw5UYrLMOQ93EA1Nmh56AQS53eAl9Bboewux4tayyIsW2M2HMJpFXVUWB7V2VvbW88ggHeUeX07guJ/XD++G2BM20bSHrNsBjnC1D7ZJ4vubBGWTZh0qIQzohcjYwdobyq5efOugLXuaglqp8ub5wsjhUlav9px5mqv0WyViSjL7y/Kr5gxjljfoGegM5 job\n"
            },
            "metadata_fingerprint": "sRlp3Se1MRI=",
            "metadata_startup_script": "",
            "min_cpu_platform": "",
            "name": "mongodb2",
            "network_interface": [
              {
                "access_config": [
                  {
                    "nat_ip": "34.142.158.187",
                    "network_tier": "PREMIUM",
                    "public_ptr_domain_name": ""
                  }
                ],
                "alias_ip_range": [],
                "name": "nic0",
                "network": "https://www.googleapis.com/compute/v1/projects/jobfinder-362313/global/networks/jobtest-network-vpc",
                "network_ip": "11.2.0.10",
                "nic_type": "",
                "subnetwork": "https://www.googleapis.com/compute/v1/projects/jobfinder-362313/regions/asia-southeast1/subnetworks/jobtest-private",
                "subnetwork_project": "jobfinder-362313"
              }
            ],
            "project": "jobfinder-362313",
            "reservation_affinity": [],
            "resource_policies": null,
            "scheduling": [
              {
                "automatic_restart": true,
                "min_node_cpus": 0,
                "node_affinities": [],
                "on_host_maintenance": "MIGRATE",
                "preemptible": false
              }
            ],
            "scratch_disk": [],
            "self_link": "https://www.googleapis.com/compute/v1/projects/jobfinder-362313/zones/asia-southeast1-b/instances/mongodb2",
            "service_account": [],
            "shielded_instance_config": [
              {
                "enable_integrity_monitoring": true,
                "enable_secure_boot": false,
                "enable_vtpm": true
              }
            ],
            "tags": [
              "storage-class"
            ],
            "tags_fingerprint": "lFdO5xHzm8I=",
            "timeouts": null,
            "zone": "asia-southeast1-b"
          },
          "sensitive_attributes": [],
          "private": "eyJlMmJmYjczMC1lY2FhLTExZTYtOGY4OC0zNDM2M2JjN2M0YzAiOnsiY3JlYXRlIjoxMjAwMDAwMDAwMDAwLCJkZWxldGUiOjEyMDAwMDAwMDAwMDAsInVwZGF0ZSI6MTIwMDAwMDAwMDAwMH0sInNjaGVtYV92ZXJzaW9uIjoiNiJ9"
        }
      ]
    },
    {
      "mode": "managed",
      "type": "google_compute_instance",
      "name": "mongo3",
      "provider": "provider[\"registry.terraform.io/hashicorp/google\"]",
      "instances": [
        {
          "schema_version": 6,
          "attributes": {
            "allow_stopping_for_update": null,
            "attached_disk": [],
            "boot_disk": [
              {
                "auto_delete": true,
                "device_name": "persistent-disk-0",
                "disk_encryption_key_raw": "",
                "disk_encryption_key_sha256": "",
                "initialize_params": [
                  {
                    "image": "https://www.googleapis.com/compute/v1/projects/ubuntu-os-cloud/global/images/ubuntu-1804-bionic-v20220901",
                    "labels": {},
                    "size": 10,
                    "type": "pd-standard"
                  }
                ],
                "kms_key_self_link": "",
                "mode": "READ_WRITE",
                "source": "https://www.googleapis.com/compute/v1/projects/jobfinder-362313/zones/asia-southeast1-b/disks/mongodb3"
              }
            ],
            "can_ip_forward": false,
            "confidential_instance_config": [],
            "cpu_platform": "Intel Broadwell",
            "current_status": "RUNNING",
            "deletion_protection": false,
            "description": "",
            "desired_status": null,
            "enable_display": false,
            "guest_accelerator": [],
            "hostname": "",
            "id": "projects/jobfinder-362313/zones/asia-southeast1-b/instances/mongodb3",
            "instance_id": "371410083240582790",
            "label_fingerprint": "42WmSpB8rSM=",
            "labels": null,
            "machine_type": "e2-small",
            "metadata": {
              "ssh-keys": "job:ssh-rsa AAAAB3NzaC1yc2EAAAADAQABAAABAQCxmaIo+wQXGE7lfUVCnURSlDZ6VAybiARV6sTVCHy0yfJUz1PATCrLC35M3tNng5RYzg1X+1F5U6N49tSPpTtz54185kd4pLdPwtX69uCGF6anjXxMfIcBVajtSuMu8r3RFKx9qXMF7pAYpXGQiMOZp9IQw5UYrLMOQ93EA1Nmh56AQS53eAl9Bboewux4tayyIsW2M2HMJpFXVUWB7V2VvbW88ggHeUeX07guJ/XD++G2BM20bSHrNsBjnC1D7ZJ4vubBGWTZh0qIQzohcjYwdobyq5efOugLXuaglqp8ub5wsjhUlav9px5mqv0WyViSjL7y/Kr5gxjljfoGegM5 job\n"
            },
            "metadata_fingerprint": "sRlp3Se1MRI=",
            "metadata_startup_script": "",
            "min_cpu_platform": "",
            "name": "mongodb3",
            "network_interface": [
              {
                "access_config": [
                  {
                    "nat_ip": "35.187.255.177",
                    "network_tier": "PREMIUM",
                    "public_ptr_domain_name": ""
                  }
                ],
                "alias_ip_range": [],
                "name": "nic0",
                "network": "https://www.googleapis.com/compute/v1/projects/jobfinder-362313/global/networks/jobtest-network-vpc",
                "network_ip": "11.2.0.11",
                "nic_type": "",
                "subnetwork": "https://www.googleapis.com/compute/v1/projects/jobfinder-362313/regions/asia-southeast1/subnetworks/jobtest-private",
                "subnetwork_project": "jobfinder-362313"
              }
            ],
            "project": "jobfinder-362313",
            "reservation_affinity": [],
            "resource_policies": null,
            "scheduling": [
              {
                "automatic_restart": true,
                "min_node_cpus": 0,
                "node_affinities": [],
                "on_host_maintenance": "MIGRATE",
                "preemptible": false
              }
            ],
            "scratch_disk": [],
            "self_link": "https://www.googleapis.com/compute/v1/projects/jobfinder-362313/zones/asia-southeast1-b/instances/mongodb3",
            "service_account": [],
            "shielded_instance_config": [
              {
                "enable_integrity_monitoring": true,
                "enable_secure_boot": false,
                "enable_vtpm": true
              }
            ],
            "tags": [
              "storage-class"
            ],
            "tags_fingerprint": "lFdO5xHzm8I=",
            "timeouts": null,
            "zone": "asia-southeast1-b"
          },
          "sensitive_attributes": [],
          "private": "eyJlMmJmYjczMC1lY2FhLTExZTYtOGY4OC0zNDM2M2JjN2M0YzAiOnsiY3JlYXRlIjoxMjAwMDAwMDAwMDAwLCJkZWxldGUiOjEyMDAwMDAwMDAwMDAsInVwZGF0ZSI6MTIwMDAwMDAwMDAwMH0sInNjaGVtYV92ZXJzaW9uIjoiNiJ9"
        }
      ]
    }
  ]
}
